{
  "pins" : [
    {
      "identity" : "matchable",
      "kind" : "remoteSourceControl",
      "location" : "https://github.com/elegantchaos/Matchable.git",
      "state" : {
        "revision" : "0f523c77bf4b0dbbdc0838b952262ed45fab17f8",
        "version" : "1.0.6"
      }
    },
    {
      "identity" : "xctestextensions",
      "kind" : "remoteSourceControl",
      "location" : "https://github.com/elegantchaos/XCTestExtensions.git",
      "state" : {
        "revision" : "39694671be8bea1ab0bbd87114705b2a92567a8e",
        "version" : "1.5.0"
      }
    }
  ],
  "version" : 2
}
