{
  "object": {
    "pins": [
      {
        "package": "Matchable",
        "repositoryURL": "https://github.com/elegantchaos/Matchable.git",
        "state": {
          "branch": null,
          "revision": "d53e807009960aafbd54f6229c2542f906628b38",
          "version": "1.0.7"
        }
      },
      {
        "package": "XCTestExtensions",
        "repositoryURL": "https://github.com/elegantchaos/XCTestExtensions.git",
        "state": {
          "branch": null,
          "revision": "39694671be8bea1ab0bbd87114705b2a92567a8e",
          "version": "1.5.0"
        }
      }
    ]
  },
  "version": 1
}
